
Microsoft Visual Studio Solution File, Format Version 12.00
# Visual Studio Version 16
VisualStudioVersion = 16.0.30114.105
MinimumVisualStudioVersion = 10.0.40219.1
Project("{FAE04EC0-301F-11D3-BF4B-00C04F79EFBC}") = "MyApp", "MyApp\MyApp.csproj", "{04F364E6-3A82-4535-AD07-0438409DBEBF}"
EndProject
Project("{FAE04EC0-301F-11D3-BF4B-00C04F79EFBC}") = "MyApp.Tests", "MyApp.Tests\MyApp.Tests.csproj", "{A738CF1A-1B12-4A5B-8317-EB7D34F43BCF}"
EndProject
Global
	GlobalSection(SolutionConfigurationPlatforms) = preSolution
		Debug|Any CPU = Debug|Any CPU
		Release|Any CPU = Release|Any CPU
	EndGlobalSection
	GlobalSection(SolutionProperties) = preSolution
		HideSolutionNode = FALSE
	EndGlobalSection
	GlobalSection(ProjectConfigurationPlatforms) = postSolution
		{04F364E6-3A82-4535-AD07-0438409DBEBF}.Debug|Any CPU.ActiveCfg = Debug|Any CPU
		{04F364E6-3A82-4535-AD07-0438409DBEBF}.Debug|Any CPU.Build.0 = Debug|Any CPU
		{04F364E6-3A82-4535-AD07-0438409DBEBF}.Release|Any CPU.ActiveCfg = Release|Any CPU
		{04F364E6-3A82-4535-AD07-0438409DBEBF}.Release|Any CPU.Build.0 = Release|Any CPU
		{A738CF1A-1B12-4A5B-8317-EB7D34F43BCF}.Debug|Any CPU.ActiveCfg = Debug|Any CPU
		{A738CF1A-1B12-4A5B-8317-EB7D34F43BCF}.Debug|Any CPU.Build.0 = Debug|Any CPU
		{A738CF1A-1B12-4A5B-8317-EB7D34F43BCF}.Release|Any CPU.ActiveCfg = Release|Any CPU
		{A738CF1A-1B12-4A5B-8317-EB7D34F43BCF}.Release|Any CPU.Build.0 = Release|Any CPU
	EndGlobalSection
EndGlobal
